
Microsoft Visual Studio Solution File, Format Version 12.00
# Visual Studio Version 17
VisualStudioVersion = 17.9.34728.123
MinimumVisualStudioVersion = 10.0.40219.1
Project("{FAE04EC0-301F-11D3-BF4B-00C04F79EFBC}") = "EasyGames", "EasyGames.csproj", "{7A477043-DBA0-48B2-9141-874BDB7B93E5}"
EndProject
Global
	GlobalSection(SolutionConfigurationPlatforms) = preSolution
		Debug|Any CPU = Debug|Any CPU
		Release|Any CPU = Release|Any CPU
	EndGlobalSection
	GlobalSection(ProjectConfigurationPlatforms) = postSolution
		{7A477043-DBA0-48B2-9141-874BDB7B93E5}.Debug|Any CPU.ActiveCfg = Debug|Any CPU
		{7A477043-DBA0-48B2-9141-874BDB7B93E5}.Debug|Any CPU.Build.0 = Debug|Any CPU
		{7A477043-DBA0-48B2-9141-874BDB7B93E5}.Release|Any CPU.ActiveCfg = Release|Any CPU
		{7A477043-DBA0-48B2-9141-874BDB7B93E5}.Release|Any CPU.Build.0 = Release|Any CPU
	EndGlobalSection
	GlobalSection(SolutionProperties) = preSolution
		HideSolutionNode = FALSE
	EndGlobalSection
	GlobalSection(ExtensibilityGlobals) = postSolution
		SolutionGuid = {471FD79C-E122-419E-B9EA-24A420AD974E}
	EndGlobalSection
EndGlobal
